
Microsoft Visual Studio Solution File, Format Version 12.00
# Visual Studio 15
VisualStudioVersion = 15.0.26730.12
MinimumVisualStudioVersion = 10.0.40219.1
Project("{FAE04EC0-301F-11D3-BF4B-00C04F79EFBC}") = "BuildServer", "BuildServer\BuildServer.csproj", "{DFFEDACB-3D4C-48CD-A30E-17A3B4E0E3B0}"
EndProject
Project("{FAE04EC0-301F-11D3-BF4B-00C04F79EFBC}") = "ChildBuild", "ChildBuild\ChildBuild.csproj", "{108024B5-E33A-4828-B553-F4C3F6DA65A3}"
EndProject
Project("{FAE04EC0-301F-11D3-BF4B-00C04F79EFBC}") = "Repository", "Repository\Repository.csproj", "{63F7C49E-DCA6-4CEC-91C9-48AD87E96B9C}"
EndProject
Project("{FAE04EC0-301F-11D3-BF4B-00C04F79EFBC}") = "GUI", "GUI\GUI.csproj", "{65DBFDAD-0F72-458D-BA67-1ECBAE861365}"
EndProject
Project("{FAE04EC0-301F-11D3-BF4B-00C04F79EFBC}") = "IMessagePassingCommService", "IMessagePassingCommService\IMessagePassingCommService.csproj", "{FAB86725-68EB-48D8-A035-CF1BC6F6F99F}"
EndProject
Project("{FAE04EC0-301F-11D3-BF4B-00C04F79EFBC}") = "MessagePassingCommService", "MessagePassingCommService\MessagePassingCommService.csproj", "{9F0AA6A9-D746-4C78-92ED-BAA254EEB1A2}"
EndProject
Project("{FAE04EC0-301F-11D3-BF4B-00C04F79EFBC}") = "TestUtilities", "TestUtilities\TestUtilities.csproj", "{3DE83DA2-DC93-47EE-8ECE-C6B41131A79A}"
EndProject
Project("{FAE04EC0-301F-11D3-BF4B-00C04F79EFBC}") = "TestHarness", "TestHarness\TestHarness.csproj", "{3618ABBF-7D92-4F0A-93AF-D855C8ABC74F}"
EndProject
Project("{FAE04EC0-301F-11D3-BF4B-00C04F79EFBC}") = "TestRequest", "TestRequest\TestRequest.csproj", "{6E993E1B-098F-4AC9-BD99-6A75AA58ABFA}"
EndProject
Project("{FAE04EC0-301F-11D3-BF4B-00C04F79EFBC}") = "Executive", "Executive\Executive.csproj", "{4F2B8ABD-47EF-4AEC-BE9C-82825D6442CC}"
EndProject
Global
	GlobalSection(SolutionConfigurationPlatforms) = preSolution
		Debug|Any CPU = Debug|Any CPU
		Release|Any CPU = Release|Any CPU
	EndGlobalSection
	GlobalSection(ProjectConfigurationPlatforms) = postSolution
		{DFFEDACB-3D4C-48CD-A30E-17A3B4E0E3B0}.Debug|Any CPU.ActiveCfg = Debug|Any CPU
		{DFFEDACB-3D4C-48CD-A30E-17A3B4E0E3B0}.Debug|Any CPU.Build.0 = Debug|Any CPU
		{DFFEDACB-3D4C-48CD-A30E-17A3B4E0E3B0}.Release|Any CPU.ActiveCfg = Release|Any CPU
		{DFFEDACB-3D4C-48CD-A30E-17A3B4E0E3B0}.Release|Any CPU.Build.0 = Release|Any CPU
		{108024B5-E33A-4828-B553-F4C3F6DA65A3}.Debug|Any CPU.ActiveCfg = Debug|Any CPU
		{108024B5-E33A-4828-B553-F4C3F6DA65A3}.Debug|Any CPU.Build.0 = Debug|Any CPU
		{108024B5-E33A-4828-B553-F4C3F6DA65A3}.Release|Any CPU.ActiveCfg = Release|Any CPU
		{108024B5-E33A-4828-B553-F4C3F6DA65A3}.Release|Any CPU.Build.0 = Release|Any CPU
		{63F7C49E-DCA6-4CEC-91C9-48AD87E96B9C}.Debug|Any CPU.ActiveCfg = Debug|Any CPU
		{63F7C49E-DCA6-4CEC-91C9-48AD87E96B9C}.Debug|Any CPU.Build.0 = Debug|Any CPU
		{63F7C49E-DCA6-4CEC-91C9-48AD87E96B9C}.Release|Any CPU.ActiveCfg = Release|Any CPU
		{63F7C49E-DCA6-4CEC-91C9-48AD87E96B9C}.Release|Any CPU.Build.0 = Release|Any CPU
		{65DBFDAD-0F72-458D-BA67-1ECBAE861365}.Debug|Any CPU.ActiveCfg = Debug|Any CPU
		{65DBFDAD-0F72-458D-BA67-1ECBAE861365}.Debug|Any CPU.Build.0 = Debug|Any CPU
		{65DBFDAD-0F72-458D-BA67-1ECBAE861365}.Release|Any CPU.ActiveCfg = Release|Any CPU
		{65DBFDAD-0F72-458D-BA67-1ECBAE861365}.Release|Any CPU.Build.0 = Release|Any CPU
		{FAB86725-68EB-48D8-A035-CF1BC6F6F99F}.Debug|Any CPU.ActiveCfg = Debug|Any CPU
		{FAB86725-68EB-48D8-A035-CF1BC6F6F99F}.Debug|Any CPU.Build.0 = Debug|Any CPU
		{FAB86725-68EB-48D8-A035-CF1BC6F6F99F}.Release|Any CPU.ActiveCfg = Release|Any CPU
		{FAB86725-68EB-48D8-A035-CF1BC6F6F99F}.Release|Any CPU.Build.0 = Release|Any CPU
		{9F0AA6A9-D746-4C78-92ED-BAA254EEB1A2}.Debug|Any CPU.ActiveCfg = Debug|Any CPU
		{9F0AA6A9-D746-4C78-92ED-BAA254EEB1A2}.Debug|Any CPU.Build.0 = Debug|Any CPU
		{9F0AA6A9-D746-4C78-92ED-BAA254EEB1A2}.Release|Any CPU.ActiveCfg = Release|Any CPU
		{9F0AA6A9-D746-4C78-92ED-BAA254EEB1A2}.Release|Any CPU.Build.0 = Release|Any CPU
		{3DE83DA2-DC93-47EE-8ECE-C6B41131A79A}.Debug|Any CPU.ActiveCfg = Debug|Any CPU
		{3DE83DA2-DC93-47EE-8ECE-C6B41131A79A}.Debug|Any CPU.Build.0 = Debug|Any CPU
		{3DE83DA2-DC93-47EE-8ECE-C6B41131A79A}.Release|Any CPU.ActiveCfg = Release|Any CPU
		{3DE83DA2-DC93-47EE-8ECE-C6B41131A79A}.Release|Any CPU.Build.0 = Release|Any CPU
		{3618ABBF-7D92-4F0A-93AF-D855C8ABC74F}.Debug|Any CPU.ActiveCfg = Debug|Any CPU
		{3618ABBF-7D92-4F0A-93AF-D855C8ABC74F}.Debug|Any CPU.Build.0 = Debug|Any CPU
		{3618ABBF-7D92-4F0A-93AF-D855C8ABC74F}.Release|Any CPU.ActiveCfg = Release|Any CPU
		{3618ABBF-7D92-4F0A-93AF-D855C8ABC74F}.Release|Any CPU.Build.0 = Release|Any CPU
		{6E993E1B-098F-4AC9-BD99-6A75AA58ABFA}.Debug|Any CPU.ActiveCfg = Debug|Any CPU
		{6E993E1B-098F-4AC9-BD99-6A75AA58ABFA}.Debug|Any CPU.Build.0 = Debug|Any CPU
		{6E993E1B-098F-4AC9-BD99-6A75AA58ABFA}.Release|Any CPU.ActiveCfg = Release|Any CPU
		{6E993E1B-098F-4AC9-BD99-6A75AA58ABFA}.Release|Any CPU.Build.0 = Release|Any CPU
		{4F2B8ABD-47EF-4AEC-BE9C-82825D6442CC}.Debug|Any CPU.ActiveCfg = Debug|Any CPU
		{4F2B8ABD-47EF-4AEC-BE9C-82825D6442CC}.Debug|Any CPU.Build.0 = Debug|Any CPU
		{4F2B8ABD-47EF-4AEC-BE9C-82825D6442CC}.Release|Any CPU.ActiveCfg = Release|Any CPU
		{4F2B8ABD-47EF-4AEC-BE9C-82825D6442CC}.Release|Any CPU.Build.0 = Release|Any CPU
	EndGlobalSection
	GlobalSection(SolutionProperties) = preSolution
		HideSolutionNode = FALSE
	EndGlobalSection
	GlobalSection(ExtensibilityGlobals) = postSolution
		SolutionGuid = {AA40E713-6BCE-4A33-B60C-14344BAB51FE}
	EndGlobalSection
EndGlobal
